# THIS IS AN AUTOGENERATED FILE. DO NOT EDIT THIS FILE DIRECTLY.
# yarn lockfile v1


fast-xml-parser@^3.12.13:
  version "3.12.13"
  resolved "https://registry.yarnpkg.com/fast-xml-parser/-/fast-xml-parser-3.12.13.tgz#15cea8faad48ce78baadd918b1e781303584d35e"
  integrity sha512-AW0qennqoHQ65BAMZX/7Y2he6WUz3iqmW4L4/EgMXNvTd5Jfubig50F+N2JVthC5DnkhPWRUp+eO6bbaMCnjHA==
  dependencies:
    nimnjs "^1.3.2"

nimn-date-parser@^1.0.0:
  version "1.0.0"
  resolved "https://registry.yarnpkg.com/nimn-date-parser/-/nimn-date-parser-1.0.0.tgz#4ce55d1fd5ea206bbe82b76276f7b7c582139351"
  integrity sha512-1Nf+x3EeMvHUiHsVuEhiZnwA8RMeOBVTQWfB1S2n9+i6PYCofHd2HRMD+WOHIHYshy4T4Gk8wQoCol7Hq3av8Q==

nimn_schema_builder@^1.0.0:
  version "1.1.0"
  resolved "https://registry.yarnpkg.com/nimn_schema_builder/-/nimn_schema_builder-1.1.0.tgz#b370ccf5b647d66e50b2dcfb20d0aa12468cd247"
  integrity sha512-DK5/B8CM4qwzG2URy130avcwPev4uO0ev836FbQyKo1ms6I9z/i6EJyiZ+d9xtgloxUri0W+5gfR8YbPq7SheA==

nimnjs@^1.3.2:
  version "1.3.2"
  resolved "https://registry.yarnpkg.com/nimnjs/-/nimnjs-1.3.2.tgz#a6a877968d87fad836375a4f616525e55079a5ba"
  integrity sha512-TIOtI4iqkQrUM1tiM76AtTQem0c7e56SkDZ7sj1d1MfUsqRcq2ZWQvej/O+HBTZV7u/VKnwlKTDugK/75IRPPw==
  dependencies:
    nimn-date-parser "^1.0.0"
    nimn_schema_builder "^1.0.0"
